
Microsoft Visual Studio Solution File, Format Version 12.00
# Visual Studio 15
VisualStudioVersion = 15.0.28307.757
MinimumVisualStudioVersion = 10.0.40219.1
Project("{FAE04EC0-301F-11D3-BF4B-00C04F79EFBC}") = "C Sharp 2.3", "C Sharp 2.3\C Sharp 2.3.csproj", "{D0E26814-FC65-440A-B847-119CF5761821}"
EndProject
Global
	GlobalSection(SolutionConfigurationPlatforms) = preSolution
		Debug|Any CPU = Debug|Any CPU
		Release|Any CPU = Release|Any CPU
	EndGlobalSection
	GlobalSection(ProjectConfigurationPlatforms) = postSolution
		{D0E26814-FC65-440A-B847-119CF5761821}.Debug|Any CPU.ActiveCfg = Debug|Any CPU
		{D0E26814-FC65-440A-B847-119CF5761821}.Debug|Any CPU.Build.0 = Debug|Any CPU
		{D0E26814-FC65-440A-B847-119CF5761821}.Release|Any CPU.ActiveCfg = Release|Any CPU
		{D0E26814-FC65-440A-B847-119CF5761821}.Release|Any CPU.Build.0 = Release|Any CPU
	EndGlobalSection
	GlobalSection(SolutionProperties) = preSolution
		HideSolutionNode = FALSE
	EndGlobalSection
	GlobalSection(ExtensibilityGlobals) = postSolution
		SolutionGuid = {3DFB2E00-BC71-4CB0-B508-9A13DA8B5CCD}
	EndGlobalSection
EndGlobal
